
Microsoft Visual Studio Solution File, Format Version 12.00
# Visual Studio Version 17
VisualStudioVersion = 17.5.002.0
MinimumVisualStudioVersion = 10.0.40219.1
Project("{9A19103F-16F7-4668-BE54-9A1E7A4F7556}") = "App.Services.ProductAPI", "App.Services.ProductAPI.csproj", "{49C74EA9-7540-4E3E-B711-9061AB4FC378}"
EndProject
Global
	GlobalSection(SolutionConfigurationPlatforms) = preSolution
		Debug|Any CPU = Debug|Any CPU
		Release|Any CPU = Release|Any CPU
	EndGlobalSection
	GlobalSection(ProjectConfigurationPlatforms) = postSolution
		{49C74EA9-7540-4E3E-B711-9061AB4FC378}.Debug|Any CPU.ActiveCfg = Debug|Any CPU
		{49C74EA9-7540-4E3E-B711-9061AB4FC378}.Debug|Any CPU.Build.0 = Debug|Any CPU
		{49C74EA9-7540-4E3E-B711-9061AB4FC378}.Release|Any CPU.ActiveCfg = Release|Any CPU
		{49C74EA9-7540-4E3E-B711-9061AB4FC378}.Release|Any CPU.Build.0 = Release|Any CPU
	EndGlobalSection
	GlobalSection(SolutionProperties) = preSolution
		HideSolutionNode = FALSE
	EndGlobalSection
	GlobalSection(ExtensibilityGlobals) = postSolution
		SolutionGuid = {A6A880B5-175A-47D8-AA11-986C724CA172}
	EndGlobalSection
EndGlobal
